
Microsoft Visual Studio Solution File, Format Version 12.00
# Visual Studio Version 17
VisualStudioVersion = 17.14.36202.13 d17.14
MinimumVisualStudioVersion = 10.0.40219.1
Project("{FAE04EC0-301F-11D3-BF4B-00C04F79EFBC}") = "Pj1", "Pj1\Pj1.csproj", "{7E158224-E508-4FF2-8E37-118FB91406C7}"
EndProject
Global
	GlobalSection(SolutionConfigurationPlatforms) = preSolution
		Debug|Any CPU = Debug|Any CPU
		Release|Any CPU = Release|Any CPU
	EndGlobalSection
	GlobalSection(ProjectConfigurationPlatforms) = postSolution
		{7E158224-E508-4FF2-8E37-118FB91406C7}.Debug|Any CPU.ActiveCfg = Debug|Any CPU
		{7E158224-E508-4FF2-8E37-118FB91406C7}.Debug|Any CPU.Build.0 = Debug|Any CPU
		{7E158224-E508-4FF2-8E37-118FB91406C7}.Release|Any CPU.ActiveCfg = Release|Any CPU
		{7E158224-E508-4FF2-8E37-118FB91406C7}.Release|Any CPU.Build.0 = Release|Any CPU
	EndGlobalSection
	GlobalSection(SolutionProperties) = preSolution
		HideSolutionNode = FALSE
	EndGlobalSection
	GlobalSection(ExtensibilityGlobals) = postSolution
		SolutionGuid = {2A7FF581-C749-4489-AA4A-FD79A8FAD2E2}
	EndGlobalSection
EndGlobal
