
Microsoft Visual Studio Solution File, Format Version 12.00
# Visual Studio Version 17
VisualStudioVersion = 17.14.36202.13 d17.14
MinimumVisualStudioVersion = 10.0.40219.1
Project("{FAE04EC0-301F-11D3-BF4B-00C04F79EFBC}") = "Miscel", "Miscel.csproj", "{467DE579-3208-489E-A7B0-AC91CF01B107}"
EndProject
Global
	GlobalSection(SolutionConfigurationPlatforms) = preSolution
		Debug|Any CPU = Debug|Any CPU
		Release|Any CPU = Release|Any CPU
	EndGlobalSection
	GlobalSection(ProjectConfigurationPlatforms) = postSolution
		{467DE579-3208-489E-A7B0-AC91CF01B107}.Debug|Any CPU.ActiveCfg = Debug|Any CPU
		{467DE579-3208-489E-A7B0-AC91CF01B107}.Debug|Any CPU.Build.0 = Debug|Any CPU
		{467DE579-3208-489E-A7B0-AC91CF01B107}.Release|Any CPU.ActiveCfg = Release|Any CPU
		{467DE579-3208-489E-A7B0-AC91CF01B107}.Release|Any CPU.Build.0 = Release|Any CPU
	EndGlobalSection
	GlobalSection(SolutionProperties) = preSolution
		HideSolutionNode = FALSE
	EndGlobalSection
	GlobalSection(ExtensibilityGlobals) = postSolution
		SolutionGuid = {DB60B0D4-6EA9-4BBC-9940-3143580370A5}
	EndGlobalSection
EndGlobal
