
Microsoft Visual Studio Solution File, Format Version 12.00
# Visual Studio Version 17
VisualStudioVersion = 17.14.36202.13 d17.14
MinimumVisualStudioVersion = 10.0.40219.1
Project("{FAE04EC0-301F-11D3-BF4B-00C04F79EFBC}") = "NonPrimitiveDtype", "NonPrimitiveDtype.csproj", "{B397A842-715C-48A6-A117-3F8C3C1C2B2E}"
EndProject
Global
	GlobalSection(SolutionConfigurationPlatforms) = preSolution
		Debug|Any CPU = Debug|Any CPU
		Release|Any CPU = Release|Any CPU
	EndGlobalSection
	GlobalSection(ProjectConfigurationPlatforms) = postSolution
		{B397A842-715C-48A6-A117-3F8C3C1C2B2E}.Debug|Any CPU.ActiveCfg = Debug|Any CPU
		{B397A842-715C-48A6-A117-3F8C3C1C2B2E}.Debug|Any CPU.Build.0 = Debug|Any CPU
		{B397A842-715C-48A6-A117-3F8C3C1C2B2E}.Release|Any CPU.ActiveCfg = Release|Any CPU
		{B397A842-715C-48A6-A117-3F8C3C1C2B2E}.Release|Any CPU.Build.0 = Release|Any CPU
	EndGlobalSection
	GlobalSection(SolutionProperties) = preSolution
		HideSolutionNode = FALSE
	EndGlobalSection
	GlobalSection(ExtensibilityGlobals) = postSolution
		SolutionGuid = {226FD3F5-25FA-4DFB-BADF-9E707111AF00}
	EndGlobalSection
EndGlobal
