
Microsoft Visual Studio Solution File, Format Version 12.00
# Visual Studio Version 17
VisualStudioVersion = 17.14.36202.13 d17.14
MinimumVisualStudioVersion = 10.0.40219.1
Project("{FAE04EC0-301F-11D3-BF4B-00C04F79EFBC}") = "Class2", "Class2.csproj", "{0158C865-D85E-4924-AFAE-73D7445CF0EC}"
EndProject
Global
	GlobalSection(SolutionConfigurationPlatforms) = preSolution
		Debug|Any CPU = Debug|Any CPU
		Release|Any CPU = Release|Any CPU
	EndGlobalSection
	GlobalSection(ProjectConfigurationPlatforms) = postSolution
		{0158C865-D85E-4924-AFAE-73D7445CF0EC}.Debug|Any CPU.ActiveCfg = Debug|Any CPU
		{0158C865-D85E-4924-AFAE-73D7445CF0EC}.Debug|Any CPU.Build.0 = Debug|Any CPU
		{0158C865-D85E-4924-AFAE-73D7445CF0EC}.Release|Any CPU.ActiveCfg = Release|Any CPU
		{0158C865-D85E-4924-AFAE-73D7445CF0EC}.Release|Any CPU.Build.0 = Release|Any CPU
	EndGlobalSection
	GlobalSection(SolutionProperties) = preSolution
		HideSolutionNode = FALSE
	EndGlobalSection
	GlobalSection(ExtensibilityGlobals) = postSolution
		SolutionGuid = {B46A31DE-C5FA-4F23-8CBE-2EF639ECA1EA}
	EndGlobalSection
EndGlobal
