
Microsoft Visual Studio Solution File, Format Version 12.00
# Visual Studio Version 17
VisualStudioVersion = 17.14.36202.13 d17.14
MinimumVisualStudioVersion = 10.0.40219.1
Project("{FAE04EC0-301F-11D3-BF4B-00C04F79EFBC}") = "demo", "demo.csproj", "{FDC60AED-81A3-43D5-849A-16C181ECB3C7}"
EndProject
Global
	GlobalSection(SolutionConfigurationPlatforms) = preSolution
		Debug|Any CPU = Debug|Any CPU
		Release|Any CPU = Release|Any CPU
	EndGlobalSection
	GlobalSection(ProjectConfigurationPlatforms) = postSolution
		{FDC60AED-81A3-43D5-849A-16C181ECB3C7}.Debug|Any CPU.ActiveCfg = Debug|Any CPU
		{FDC60AED-81A3-43D5-849A-16C181ECB3C7}.Debug|Any CPU.Build.0 = Debug|Any CPU
		{FDC60AED-81A3-43D5-849A-16C181ECB3C7}.Release|Any CPU.ActiveCfg = Release|Any CPU
		{FDC60AED-81A3-43D5-849A-16C181ECB3C7}.Release|Any CPU.Build.0 = Release|Any CPU
	EndGlobalSection
	GlobalSection(SolutionProperties) = preSolution
		HideSolutionNode = FALSE
	EndGlobalSection
	GlobalSection(ExtensibilityGlobals) = postSolution
		SolutionGuid = {5925D923-A1B5-4A76-8AC4-F6C3651A2A42}
	EndGlobalSection
EndGlobal
