
Microsoft Visual Studio Solution File, Format Version 12.00
# Visual Studio Version 17
VisualStudioVersion = 17.14.36202.13 d17.14
MinimumVisualStudioVersion = 10.0.40219.1
Project("{FAE04EC0-301F-11D3-BF4B-00C04F79EFBC}") = "class4", "class4.csproj", "{6EBDCE85-3DDE-446E-B193-3243A25632E6}"
EndProject
Global
	GlobalSection(SolutionConfigurationPlatforms) = preSolution
		Debug|Any CPU = Debug|Any CPU
		Release|Any CPU = Release|Any CPU
	EndGlobalSection
	GlobalSection(ProjectConfigurationPlatforms) = postSolution
		{6EBDCE85-3DDE-446E-B193-3243A25632E6}.Debug|Any CPU.ActiveCfg = Debug|Any CPU
		{6EBDCE85-3DDE-446E-B193-3243A25632E6}.Debug|Any CPU.Build.0 = Debug|Any CPU
		{6EBDCE85-3DDE-446E-B193-3243A25632E6}.Release|Any CPU.ActiveCfg = Release|Any CPU
		{6EBDCE85-3DDE-446E-B193-3243A25632E6}.Release|Any CPU.Build.0 = Release|Any CPU
	EndGlobalSection
	GlobalSection(SolutionProperties) = preSolution
		HideSolutionNode = FALSE
	EndGlobalSection
	GlobalSection(ExtensibilityGlobals) = postSolution
		SolutionGuid = {3529EEA8-B57D-47B8-838A-EC096472A5B8}
	EndGlobalSection
EndGlobal
