
Microsoft Visual Studio Solution File, Format Version 12.00
# Visual Studio Version 17
VisualStudioVersion = 17.14.36202.13 d17.14
MinimumVisualStudioVersion = 10.0.40219.1
Project("{FAE04EC0-301F-11D3-BF4B-00C04F79EFBC}") = "Iteration1", "Iteration1.csproj", "{61A7CAE0-8CEC-4F94-85BD-D07F940760F5}"
EndProject
Global
	GlobalSection(SolutionConfigurationPlatforms) = preSolution
		Debug|Any CPU = Debug|Any CPU
		Release|Any CPU = Release|Any CPU
	EndGlobalSection
	GlobalSection(ProjectConfigurationPlatforms) = postSolution
		{61A7CAE0-8CEC-4F94-85BD-D07F940760F5}.Debug|Any CPU.ActiveCfg = Debug|Any CPU
		{61A7CAE0-8CEC-4F94-85BD-D07F940760F5}.Debug|Any CPU.Build.0 = Debug|Any CPU
		{61A7CAE0-8CEC-4F94-85BD-D07F940760F5}.Release|Any CPU.ActiveCfg = Release|Any CPU
		{61A7CAE0-8CEC-4F94-85BD-D07F940760F5}.Release|Any CPU.Build.0 = Release|Any CPU
	EndGlobalSection
	GlobalSection(SolutionProperties) = preSolution
		HideSolutionNode = FALSE
	EndGlobalSection
	GlobalSection(ExtensibilityGlobals) = postSolution
		SolutionGuid = {980777BC-8CE2-4280-AC25-67A537557C9E}
	EndGlobalSection
EndGlobal
